
Microsoft Visual Studio Solution File, Format Version 12.00
# Visual Studio 15
VisualStudioVersion = 15.0.27428.2005
MinimumVisualStudioVersion = 10.0.40219.1
Project("{FAE04EC0-301F-11D3-BF4B-00C04F79EFBC}") = "RandomPersonElasticsearch", "RandomPersonElasticsearch\RandomPersonElasticsearch.csproj", "{E766BF81-83D6-49DC-9F47-3703DDC34DA5}"
EndProject
Global
	GlobalSection(SolutionConfigurationPlatforms) = preSolution
		Debug|Any CPU = Debug|Any CPU
		Release|Any CPU = Release|Any CPU
	EndGlobalSection
	GlobalSection(ProjectConfigurationPlatforms) = postSolution
		{E766BF81-83D6-49DC-9F47-3703DDC34DA5}.Debug|Any CPU.ActiveCfg = Debug|Any CPU
		{E766BF81-83D6-49DC-9F47-3703DDC34DA5}.Debug|Any CPU.Build.0 = Debug|Any CPU
		{E766BF81-83D6-49DC-9F47-3703DDC34DA5}.Release|Any CPU.ActiveCfg = Release|Any CPU
		{E766BF81-83D6-49DC-9F47-3703DDC34DA5}.Release|Any CPU.Build.0 = Release|Any CPU
	EndGlobalSection
	GlobalSection(SolutionProperties) = preSolution
		HideSolutionNode = FALSE
	EndGlobalSection
	GlobalSection(ExtensibilityGlobals) = postSolution
		SolutionGuid = {D13E4AFD-E0B1-4559-9A7C-0E332B362A90}
	EndGlobalSection
EndGlobal
